// !$*UTF8*$!
{
	archiveVersion = 1;
	classes = {
	};
	objectVersion = 50;
	objects = {

/* Begin PBXBuildFile section */
		40412B9316B5A70EEE0F5E08 /* Pods_RocketApp.framework in Frameworks */ = {isa = PBXBuildFile; fileRef = 95CC623E3E11985A08A53A91 /* Pods_RocketApp.framework */; };
		6F0D16B321A1C6650002630E /* BasePageResponse.swift in Sources */ = {isa = PBXBuildFile; fileRef = 6F0D16B221A1C6650002630E /* BasePageResponse.swift */; };
		6F0D16B721A1C8DD0002630E /* RocketLaunchListLatestResponse.swift in Sources */ = {isa = PBXBuildFile; fileRef = 6F0D16B621A1C8DD0002630E /* RocketLaunchListLatestResponse.swift */; };
		6F8F8DD32198A2A60006C35F /* AppDelegate.swift in Sources */ = {isa = PBXBuildFile; fileRef = 6F8F8DD22198A2A60006C35F /* AppDelegate.swift */; };
		6F8F8DD52198A2A60006C35F /* ViewController.swift in Sources */ = {isa = PBXBuildFile; fileRef = 6F8F8DD42198A2A60006C35F /* ViewController.swift */; };
		6F8F8DD82198A2A60006C35F /* Main.storyboard in Resources */ = {isa = PBXBuildFile; fileRef = 6F8F8DD62198A2A60006C35F /* Main.storyboard */; };
		6F8F8DDB2198A2A60006C35F /* RocketApp.xcdatamodeld in Sources */ = {isa = PBXBuildFile; fileRef = 6F8F8DD92198A2A60006C35F /* RocketApp.xcdatamodeld */; };
		6F8F8DDD2198A2A70006C35F /* Assets.xcassets in Resources */ = {isa = PBXBuildFile; fileRef = 6F8F8DDC2198A2A70006C35F /* Assets.xcassets */; };
		6F8F8DE02198A2A70006C35F /* LaunchScreen.storyboard in Resources */ = {isa = PBXBuildFile; fileRef = 6F8F8DDE2198A2A70006C35F /* LaunchScreen.storyboard */; };
		6F8F8DEB2198A2A70006C35F /* RocketAppTests.swift in Sources */ = {isa = PBXBuildFile; fileRef = 6F8F8DEA2198A2A70006C35F /* RocketAppTests.swift */; };
		6F8F8DF62198A2A70006C35F /* RocketAppUITests.swift in Sources */ = {isa = PBXBuildFile; fileRef = 6F8F8DF52198A2A70006C35F /* RocketAppUITests.swift */; };
		6FA27A2F2198A9190016F715 /* IBaseRequest.swift in Sources */ = {isa = PBXBuildFile; fileRef = 6FA27A2E2198A9190016F715 /* IBaseRequest.swift */; };
		6FA27A312198A96C0016F715 /* RequestExecutor.swift in Sources */ = {isa = PBXBuildFile; fileRef = 6FA27A302198A96C0016F715 /* RequestExecutor.swift */; };
		6FA27A342198ABF90016F715 /* RocketLaunchListRepository.swift in Sources */ = {isa = PBXBuildFile; fileRef = 6FA27A332198ABF90016F715 /* RocketLaunchListRepository.swift */; };
		6FA27A362198ACF10016F715 /* RocketLaunch.swift in Sources */ = {isa = PBXBuildFile; fileRef = 6FA27A352198ACF10016F715 /* RocketLaunch.swift */; };
		6FA27A382198AEE20016F715 /* Result.swift in Sources */ = {isa = PBXBuildFile; fileRef = 6FA27A372198AEE20016F715 /* Result.swift */; };
		6FA27A3B2198BA500016F715 /* RocketLaunchListLatestRequest.swift in Sources */ = {isa = PBXBuildFile; fileRef = 6FA27A3A2198BA500016F715 /* RocketLaunchListLatestRequest.swift */; };
		6FA27A3D2198C4950016F715 /* HttpManager.swift in Sources */ = {isa = PBXBuildFile; fileRef = 6FA27A3C2198C4950016F715 /* HttpManager.swift */; };
		6FA27A3F2198C5A10016F715 /* IBaseResponse.swift in Sources */ = {isa = PBXBuildFile; fileRef = 6FA27A3E2198C5A10016F715 /* IBaseResponse.swift */; };
		6FA27A432198C9E30016F715 /* Gateway.swift in Sources */ = {isa = PBXBuildFile; fileRef = 6FA27A422198C9E30016F715 /* Gateway.swift */; };
		6FA27A452198CA270016F715 /* AuthTokenInterceptor.swift in Sources */ = {isa = PBXBuildFile; fileRef = 6FA27A442198CA270016F715 /* AuthTokenInterceptor.swift */; };
		6FA27A472198CB4A0016F715 /* RequestLoggingInterceptor.swift in Sources */ = {isa = PBXBuildFile; fileRef = 6FA27A462198CB4A0016F715 /* RequestLoggingInterceptor.swift */; };
		6FA27A492198CC770016F715 /* ResponseLoggingInterceptor.swift in Sources */ = {isa = PBXBuildFile; fileRef = 6FA27A482198CC770016F715 /* ResponseLoggingInterceptor.swift */; };
		6FA27A4F2198D03F0016F715 /* IRequestExecutor.swift in Sources */ = {isa = PBXBuildFile; fileRef = 6FA27A4E2198D03F0016F715 /* IRequestExecutor.swift */; };
		6FA27A522198D09F0016F715 /* BaseResponse.swift in Sources */ = {isa = PBXBuildFile; fileRef = 6FA27A512198D09F0016F715 /* BaseResponse.swift */; };
		6FA27A552198D3C80016F715 /* DataExtensions.swift in Sources */ = {isa = PBXBuildFile; fileRef = 6FA27A542198D3C80016F715 /* DataExtensions.swift */; };
		6FA27A572198D5B50016F715 /* NSErrorExtensions.swift in Sources */ = {isa = PBXBuildFile; fileRef = 6FA27A562198D5B50016F715 /* NSErrorExtensions.swift */; };
		6FA27A5A2198D6F00016F715 /* RocketLaunchListConstract.swift in Sources */ = {isa = PBXBuildFile; fileRef = 6FA27A592198D6F00016F715 /* RocketLaunchListConstract.swift */; };
		6FE229D821B2FF3C00263C62 /* DataDownloadViewProtocol.swift in Sources */ = {isa = PBXBuildFile; fileRef = 6FE229D721B2FF3C00263C62 /* DataDownloadViewProtocol.swift */; };
		6FE229DC21B3008000263C62 /* RocketLaunchListController.swift in Sources */ = {isa = PBXBuildFile; fileRef = 6FE229DB21B3008000263C62 /* RocketLaunchListController.swift */; };
		6FE229DE21B301C600263C62 /* RocketLaunchListCell.swift in Sources */ = {isa = PBXBuildFile; fileRef = 6FE229DD21B301C600263C62 /* RocketLaunchListCell.swift */; };
		6FE229E121B303CC00263C62 /* DataSource.swift in Sources */ = {isa = PBXBuildFile; fileRef = 6FE229E021B303CC00263C62 /* DataSource.swift */; };
		6FE229E321B306A000263C62 /* Spacing.swift in Sources */ = {isa = PBXBuildFile; fileRef = 6FE229E221B306A000263C62 /* Spacing.swift */; };
		6FE229E521B30E1900263C62 /* UITableViewCellExtensions.swift in Sources */ = {isa = PBXBuildFile; fileRef = 6FE229E421B30E1900263C62 /* UITableViewCellExtensions.swift */; };
		DF557E9D7DA9B29793168DBF /* Pods_RocketAppUITests.framework in Frameworks */ = {isa = PBXBuildFile; fileRef = 631F252FAF190EE227773BCE /* Pods_RocketAppUITests.framework */; };
		FB71C0DFCBAF2E2B05E38EFE /* Pods_RocketAppTests.framework in Frameworks */ = {isa = PBXBuildFile; fileRef = 2657302425292639F05C6903 /* Pods_RocketAppTests.framework */; };
/* End PBXBuildFile section */

/* Begin PBXContainerItemProxy section */
		6F8F8DE72198A2A70006C35F /* PBXContainerItemProxy */ = {
			isa = PBXContainerItemProxy;
			containerPortal = 6F8F8DC72198A2A60006C35F /* Project object */;
			proxyType = 1;
			remoteGlobalIDString = 6F8F8DCE2198A2A60006C35F;
			remoteInfo = RocketApp;
		};
		6F8F8DF22198A2A70006C35F /* PBXContainerItemProxy */ = {
			isa = PBXContainerItemProxy;
			containerPortal = 6F8F8DC72198A2A60006C35F /* Project object */;
			proxyType = 1;
			remoteGlobalIDString = 6F8F8DCE2198A2A60006C35F;
			remoteInfo = RocketApp;
		};
/* End PBXContainerItemProxy section */

/* Begin PBXFileReference section */
		049184B05EC6E12FF3BA0D3C /* Pods-RocketApp.debug.xcconfig */ = {isa = PBXFileReference; includeInIndex = 1; lastKnownFileType = text.xcconfig; name = "Pods-RocketApp.debug.xcconfig"; path = "Pods/Target Support Files/Pods-RocketApp/Pods-RocketApp.debug.xcconfig"; sourceTree = "<group>"; };
		2657302425292639F05C6903 /* Pods_RocketAppTests.framework */ = {isa = PBXFileReference; explicitFileType = wrapper.framework; includeInIndex = 0; path = Pods_RocketAppTests.framework; sourceTree = BUILT_PRODUCTS_DIR; };
		4D228144DCB9E5EE6492A515 /* Pods-RocketAppTests.release.xcconfig */ = {isa = PBXFileReference; includeInIndex = 1; lastKnownFileType = text.xcconfig; name = "Pods-RocketAppTests.release.xcconfig"; path = "Pods/Target Support Files/Pods-RocketAppTests/Pods-RocketAppTests.release.xcconfig"; sourceTree = "<group>"; };
		631F252FAF190EE227773BCE /* Pods_RocketAppUITests.framework */ = {isa = PBXFileReference; explicitFileType = wrapper.framework; includeInIndex = 0; path = Pods_RocketAppUITests.framework; sourceTree = BUILT_PRODUCTS_DIR; };
		6F0D16B221A1C6650002630E /* BasePageResponse.swift */ = {isa = PBXFileReference; lastKnownFileType = sourcecode.swift; path = BasePageResponse.swift; sourceTree = "<group>"; };
		6F0D16B621A1C8DD0002630E /* RocketLaunchListLatestResponse.swift */ = {isa = PBXFileReference; lastKnownFileType = sourcecode.swift; path = RocketLaunchListLatestResponse.swift; sourceTree = "<group>"; };
		6F8F8DCF2198A2A60006C35F /* RocketApp.app */ = {isa = PBXFileReference; explicitFileType = wrapper.application; includeInIndex = 0; path = RocketApp.app; sourceTree = BUILT_PRODUCTS_DIR; };
		6F8F8DD22198A2A60006C35F /* AppDelegate.swift */ = {isa = PBXFileReference; lastKnownFileType = sourcecode.swift; path = AppDelegate.swift; sourceTree = "<group>"; };
		6F8F8DD42198A2A60006C35F /* ViewController.swift */ = {isa = PBXFileReference; lastKnownFileType = sourcecode.swift; path = ViewController.swift; sourceTree = "<group>"; };
		6F8F8DD72198A2A60006C35F /* Base */ = {isa = PBXFileReference; lastKnownFileType = file.storyboard; name = Base; path = Base.lproj/Main.storyboard; sourceTree = "<group>"; };
		6F8F8DDA2198A2A60006C35F /* RocketApp.xcdatamodel */ = {isa = PBXFileReference; lastKnownFileType = wrapper.xcdatamodel; path = RocketApp.xcdatamodel; sourceTree = "<group>"; };
		6F8F8DDC2198A2A70006C35F /* Assets.xcassets */ = {isa = PBXFileReference; lastKnownFileType = folder.assetcatalog; path = Assets.xcassets; sourceTree = "<group>"; };
		6F8F8DDF2198A2A70006C35F /* Base */ = {isa = PBXFileReference; lastKnownFileType = file.storyboard; name = Base; path = Base.lproj/LaunchScreen.storyboard; sourceTree = "<group>"; };
		6F8F8DE12198A2A70006C35F /* Info.plist */ = {isa = PBXFileReference; lastKnownFileType = text.plist.xml; path = Info.plist; sourceTree = "<group>"; };
		6F8F8DE62198A2A70006C35F /* RocketAppTests.xctest */ = {isa = PBXFileReference; explicitFileType = wrapper.cfbundle; includeInIndex = 0; path = RocketAppTests.xctest; sourceTree = BUILT_PRODUCTS_DIR; };
		6F8F8DEA2198A2A70006C35F /* RocketAppTests.swift */ = {isa = PBXFileReference; lastKnownFileType = sourcecode.swift; path = RocketAppTests.swift; sourceTree = "<group>"; };
		6F8F8DEC2198A2A70006C35F /* Info.plist */ = {isa = PBXFileReference; lastKnownFileType = text.plist.xml; path = Info.plist; sourceTree = "<group>"; };
		6F8F8DF12198A2A70006C35F /* RocketAppUITests.xctest */ = {isa = PBXFileReference; explicitFileType = wrapper.cfbundle; includeInIndex = 0; path = RocketAppUITests.xctest; sourceTree = BUILT_PRODUCTS_DIR; };
		6F8F8DF52198A2A70006C35F /* RocketAppUITests.swift */ = {isa = PBXFileReference; lastKnownFileType = sourcecode.swift; path = RocketAppUITests.swift; sourceTree = "<group>"; };
		6F8F8DF72198A2A70006C35F /* Info.plist */ = {isa = PBXFileReference; lastKnownFileType = text.plist.xml; path = Info.plist; sourceTree = "<group>"; };
		6FA27A2E2198A9190016F715 /* IBaseRequest.swift */ = {isa = PBXFileReference; lastKnownFileType = sourcecode.swift; path = IBaseRequest.swift; sourceTree = "<group>"; };
		6FA27A302198A96C0016F715 /* RequestExecutor.swift */ = {isa = PBXFileReference; lastKnownFileType = sourcecode.swift; path = RequestExecutor.swift; sourceTree = "<group>"; };
		6FA27A332198ABF90016F715 /* RocketLaunchListRepository.swift */ = {isa = PBXFileReference; lastKnownFileType = sourcecode.swift; path = RocketLaunchListRepository.swift; sourceTree = "<group>"; };
		6FA27A352198ACF10016F715 /* RocketLaunch.swift */ = {isa = PBXFileReference; lastKnownFileType = sourcecode.swift; path = RocketLaunch.swift; sourceTree = "<group>"; };
		6FA27A372198AEE20016F715 /* Result.swift */ = {isa = PBXFileReference; lastKnownFileType = sourcecode.swift; path = Result.swift; sourceTree = "<group>"; };
		6FA27A3A2198BA500016F715 /* RocketLaunchListLatestRequest.swift */ = {isa = PBXFileReference; lastKnownFileType = sourcecode.swift; path = RocketLaunchListLatestRequest.swift; sourceTree = "<group>"; };
		6FA27A3C2198C4950016F715 /* HttpManager.swift */ = {isa = PBXFileReference; lastKnownFileType = sourcecode.swift; path = HttpManager.swift; sourceTree = "<group>"; };
		6FA27A3E2198C5A10016F715 /* IBaseResponse.swift */ = {isa = PBXFileReference; lastKnownFileType = sourcecode.swift; path = IBaseResponse.swift; sourceTree = "<group>"; };
		6FA27A422198C9E30016F715 /* Gateway.swift */ = {isa = PBXFileReference; lastKnownFileType = sourcecode.swift; path = Gateway.swift; sourceTree = "<group>"; };
		6FA27A442198CA270016F715 /* AuthTokenInterceptor.swift */ = {isa = PBXFileReference; lastKnownFileType = sourcecode.swift; path = AuthTokenInterceptor.swift; sourceTree = "<group>"; };
		6FA27A462198CB4A0016F715 /* RequestLoggingInterceptor.swift */ = {isa = PBXFileReference; lastKnownFileType = sourcecode.swift; path = RequestLoggingInterceptor.swift; sourceTree = "<group>"; };
		6FA27A482198CC770016F715 /* ResponseLoggingInterceptor.swift */ = {isa = PBXFileReference; lastKnownFileType = sourcecode.swift; path = ResponseLoggingInterceptor.swift; sourceTree = "<group>"; };
		6FA27A4E2198D03F0016F715 /* IRequestExecutor.swift */ = {isa = PBXFileReference; lastKnownFileType = sourcecode.swift; path = IRequestExecutor.swift; sourceTree = "<group>"; };
		6FA27A512198D09F0016F715 /* BaseResponse.swift */ = {isa = PBXFileReference; lastKnownFileType = sourcecode.swift; path = BaseResponse.swift; sourceTree = "<group>"; };
		6FA27A542198D3C80016F715 /* DataExtensions.swift */ = {isa = PBXFileReference; lastKnownFileType = sourcecode.swift; path = DataExtensions.swift; sourceTree = "<group>"; };
		6FA27A562198D5B50016F715 /* NSErrorExtensions.swift */ = {isa = PBXFileReference; lastKnownFileType = sourcecode.swift; path = NSErrorExtensions.swift; sourceTree = "<group>"; };
		6FA27A592198D6F00016F715 /* RocketLaunchListConstract.swift */ = {isa = PBXFileReference; lastKnownFileType = sourcecode.swift; path = RocketLaunchListConstract.swift; sourceTree = "<group>"; };
		6FE229D721B2FF3C00263C62 /* DataDownloadViewProtocol.swift */ = {isa = PBXFileReference; lastKnownFileType = sourcecode.swift; path = DataDownloadViewProtocol.swift; sourceTree = "<group>"; };
		6FE229DB21B3008000263C62 /* RocketLaunchListController.swift */ = {isa = PBXFileReference; lastKnownFileType = sourcecode.swift; path = RocketLaunchListController.swift; sourceTree = "<group>"; };
		6FE229DD21B301C600263C62 /* RocketLaunchListCell.swift */ = {isa = PBXFileReference; lastKnownFileType = sourcecode.swift; path = RocketLaunchListCell.swift; sourceTree = "<group>"; };
		6FE229E021B303CC00263C62 /* DataSource.swift */ = {isa = PBXFileReference; lastKnownFileType = sourcecode.swift; path = DataSource.swift; sourceTree = "<group>"; };
		6FE229E221B306A000263C62 /* Spacing.swift */ = {isa = PBXFileReference; lastKnownFileType = sourcecode.swift; path = Spacing.swift; sourceTree = "<group>"; };
		6FE229E421B30E1900263C62 /* UITableViewCellExtensions.swift */ = {isa = PBXFileReference; lastKnownFileType = sourcecode.swift; path = UITableViewCellExtensions.swift; sourceTree = "<group>"; };
		7E87AC2DDEBB957814B38408 /* Pods-RocketApp.release.xcconfig */ = {isa = PBXFileReference; includeInIndex = 1; lastKnownFileType = text.xcconfig; name = "Pods-RocketApp.release.xcconfig"; path = "Pods/Target Support Files/Pods-RocketApp/Pods-RocketApp.release.xcconfig"; sourceTree = "<group>"; };
		8E401665C49C3F9A1D46003A /* Pods-RocketAppTests.debug.xcconfig */ = {isa = PBXFileReference; includeInIndex = 1; lastKnownFileType = text.xcconfig; name = "Pods-RocketAppTests.debug.xcconfig"; path = "Pods/Target Support Files/Pods-RocketAppTests/Pods-RocketAppTests.debug.xcconfig"; sourceTree = "<group>"; };
		95CC623E3E11985A08A53A91 /* Pods_RocketApp.framework */ = {isa = PBXFileReference; explicitFileType = wrapper.framework; includeInIndex = 0; path = Pods_RocketApp.framework; sourceTree = BUILT_PRODUCTS_DIR; };
		9718504E9B664B3A36F72949 /* Pods-RocketAppUITests.release.xcconfig */ = {isa = PBXFileReference; includeInIndex = 1; lastKnownFileType = text.xcconfig; name = "Pods-RocketAppUITests.release.xcconfig"; path = "Pods/Target Support Files/Pods-RocketAppUITests/Pods-RocketAppUITests.release.xcconfig"; sourceTree = "<group>"; };
		C1B514196568F713B83C640A /* Pods-RocketAppUITests.debug.xcconfig */ = {isa = PBXFileReference; includeInIndex = 1; lastKnownFileType = text.xcconfig; name = "Pods-RocketAppUITests.debug.xcconfig"; path = "Pods/Target Support Files/Pods-RocketAppUITests/Pods-RocketAppUITests.debug.xcconfig"; sourceTree = "<group>"; };
/* End PBXFileReference section */

/* Begin PBXFrameworksBuildPhase section */
		6F8F8DCC2198A2A60006C35F /* Frameworks */ = {
			isa = PBXFrameworksBuildPhase;
			buildActionMask = 2147483647;
			files = (
				40412B9316B5A70EEE0F5E08 /* Pods_RocketApp.framework in Frameworks */,
			);
			runOnlyForDeploymentPostprocessing = 0;
		};
		6F8F8DE32198A2A70006C35F /* Frameworks */ = {
			isa = PBXFrameworksBuildPhase;
			buildActionMask = 2147483647;
			files = (
				FB71C0DFCBAF2E2B05E38EFE /* Pods_RocketAppTests.framework in Frameworks */,
			);
			runOnlyForDeploymentPostprocessing = 0;
		};
		6F8F8DEE2198A2A70006C35F /* Frameworks */ = {
			isa = PBXFrameworksBuildPhase;
			buildActionMask = 2147483647;
			files = (
				DF557E9D7DA9B29793168DBF /* Pods_RocketAppUITests.framework in Frameworks */,
			);
			runOnlyForDeploymentPostprocessing = 0;
		};
/* End PBXFrameworksBuildPhase section */

/* Begin PBXGroup section */
		5D9F89EE83646EC511C9049F /* Frameworks */ = {
			isa = PBXGroup;
			children = (
				95CC623E3E11985A08A53A91 /* Pods_RocketApp.framework */,
				2657302425292639F05C6903 /* Pods_RocketAppTests.framework */,
				631F252FAF190EE227773BCE /* Pods_RocketAppUITests.framework */,
			);
			name = Frameworks;
			sourceTree = "<group>";
		};
		6F0D16B421A1C8BA0002630E /* requests */ = {
			isa = PBXGroup;
			children = (
				6FA27A3A2198BA500016F715 /* RocketLaunchListLatestRequest.swift */,
			);
			path = requests;
			sourceTree = "<group>";
		};
		6F0D16B521A1C8C10002630E /* responses */ = {
			isa = PBXGroup;
			children = (
				6F0D16B621A1C8DD0002630E /* RocketLaunchListLatestResponse.swift */,
			);
			path = responses;
			sourceTree = "<group>";
		};
		6F8F8DC62198A2A60006C35F = {
			isa = PBXGroup;
			children = (
				6F8F8DD12198A2A60006C35F /* RocketApp */,
				6F8F8DE92198A2A70006C35F /* RocketAppTests */,
				6F8F8DF42198A2A70006C35F /* RocketAppUITests */,
				6F8F8DD02198A2A60006C35F /* Products */,
				BB47B14ECB4991905A8A1712 /* Pods */,
				5D9F89EE83646EC511C9049F /* Frameworks */,
			);
			sourceTree = "<group>";
		};
		6F8F8DD02198A2A60006C35F /* Products */ = {
			isa = PBXGroup;
			children = (
				6F8F8DCF2198A2A60006C35F /* RocketApp.app */,
				6F8F8DE62198A2A70006C35F /* RocketAppTests.xctest */,
				6F8F8DF12198A2A70006C35F /* RocketAppUITests.xctest */,
			);
			name = Products;
			sourceTree = "<group>";
		};
		6F8F8DD12198A2A60006C35F /* RocketApp */ = {
			isa = PBXGroup;
			children = (
				6FA27A2D2198A8F60016F715 /* Common */,
				6FA27A532198D3BA0016F715 /* Extension */,
				6FA27A322198ABD70016F715 /* RocketLaunchList */,
				6F8F8DD22198A2A60006C35F /* AppDelegate.swift */,
				6F8F8DD42198A2A60006C35F /* ViewController.swift */,
				6F8F8DD62198A2A60006C35F /* Main.storyboard */,
				6F8F8DDC2198A2A70006C35F /* Assets.xcassets */,
				6F8F8DDE2198A2A70006C35F /* LaunchScreen.storyboard */,
				6F8F8DE12198A2A70006C35F /* Info.plist */,
				6F8F8DD92198A2A60006C35F /* RocketApp.xcdatamodeld */,
			);
			path = RocketApp;
			sourceTree = "<group>";
		};
		6F8F8DE92198A2A70006C35F /* RocketAppTests */ = {
			isa = PBXGroup;
			children = (
				6F8F8DEA2198A2A70006C35F /* RocketAppTests.swift */,
				6F8F8DEC2198A2A70006C35F /* Info.plist */,
			);
			path = RocketAppTests;
			sourceTree = "<group>";
		};
		6F8F8DF42198A2A70006C35F /* RocketAppUITests */ = {
			isa = PBXGroup;
			children = (
				6F8F8DF52198A2A70006C35F /* RocketAppUITests.swift */,
				6F8F8DF72198A2A70006C35F /* Info.plist */,
			);
			path = RocketAppUITests;
			sourceTree = "<group>";
		};
		6FA27A2D2198A8F60016F715 /* Common */ = {
			isa = PBXGroup;
			children = (
				6FE229DF21B3028600263C62 /* DataSource */,
				6FA27A412198C9C10016F715 /* Networking */,
				6FA27A402198C9AD0016F715 /* Base */,
			);
			path = Common;
			sourceTree = "<group>";
		};
		6FA27A322198ABD70016F715 /* RocketLaunchList */ = {
			isa = PBXGroup;
			children = (
				6FA27A582198D6D10016F715 /* contracts */,
				6FE229D921B2FFCF00263C62 /* controllers */,
				6FA27A5C2198D7440016F715 /* models */,
				6FA27A5B2198D7330016F715 /* repositories */,
				6F0D16B521A1C8C10002630E /* responses */,
				6F0D16B421A1C8BA0002630E /* requests */,
				6FE229DA21B3003D00263C62 /* views */,
			);
			path = RocketLaunchList;
			sourceTree = "<group>";
		};
		6FA27A402198C9AD0016F715 /* Base */ = {
			isa = PBXGroup;
			children = (
				6FA27A2E2198A9190016F715 /* IBaseRequest.swift */,
				6FA27A3E2198C5A10016F715 /* IBaseResponse.swift */,
				6FA27A512198D09F0016F715 /* BaseResponse.swift */,
				6FA27A422198C9E30016F715 /* Gateway.swift */,
				6FA27A372198AEE20016F715 /* Result.swift */,
				6F0D16B221A1C6650002630E /* BasePageResponse.swift */,
				6FE229D721B2FF3C00263C62 /* DataDownloadViewProtocol.swift */,
				6FE229E221B306A000263C62 /* Spacing.swift */,
			);
			path = Base;
			sourceTree = "<group>";
		};
		6FA27A412198C9C10016F715 /* Networking */ = {
			isa = PBXGroup;
			children = (
				6FA27A4C2198D01E0016F715 /* executors */,
				6FA27A4B2198CFCF0016F715 /* managers */,
				6FA27A4A2198CDD60016F715 /* interceptors */,
			);
			path = Networking;
			sourceTree = "<group>";
		};
		6FA27A4A2198CDD60016F715 /* interceptors */ = {
			isa = PBXGroup;
			children = (
				6FA27A442198CA270016F715 /* AuthTokenInterceptor.swift */,
				6FA27A462198CB4A0016F715 /* RequestLoggingInterceptor.swift */,
				6FA27A482198CC770016F715 /* ResponseLoggingInterceptor.swift */,
			);
			path = interceptors;
			sourceTree = "<group>";
		};
		6FA27A4B2198CFCF0016F715 /* managers */ = {
			isa = PBXGroup;
			children = (
				6FA27A3C2198C4950016F715 /* HttpManager.swift */,
			);
			path = managers;
			sourceTree = "<group>";
		};
		6FA27A4C2198D01E0016F715 /* executors */ = {
			isa = PBXGroup;
			children = (
				6FA27A4E2198D03F0016F715 /* IRequestExecutor.swift */,
				6FA27A302198A96C0016F715 /* RequestExecutor.swift */,
			);
			path = executors;
			sourceTree = "<group>";
		};
		6FA27A532198D3BA0016F715 /* Extension */ = {
			isa = PBXGroup;
			children = (
				6FA27A542198D3C80016F715 /* DataExtensions.swift */,
				6FA27A562198D5B50016F715 /* NSErrorExtensions.swift */,
				6FE229E421B30E1900263C62 /* UITableViewCellExtensions.swift */,
			);
			path = Extension;
			sourceTree = "<group>";
		};
		6FA27A582198D6D10016F715 /* contracts */ = {
			isa = PBXGroup;
			children = (
				6FA27A592198D6F00016F715 /* RocketLaunchListConstract.swift */,
			);
			path = contracts;
			sourceTree = "<group>";
		};
		6FA27A5B2198D7330016F715 /* repositories */ = {
			isa = PBXGroup;
			children = (
				6FA27A332198ABF90016F715 /* RocketLaunchListRepository.swift */,
			);
			path = repositories;
			sourceTree = "<group>";
		};
		6FA27A5C2198D7440016F715 /* models */ = {
			isa = PBXGroup;
			children = (
				6FA27A352198ACF10016F715 /* RocketLaunch.swift */,
			);
			path = models;
			sourceTree = "<group>";
		};
		6FE229D921B2FFCF00263C62 /* controllers */ = {
			isa = PBXGroup;
			children = (
				6FE229DB21B3008000263C62 /* RocketLaunchListController.swift */,
			);
			path = controllers;
			sourceTree = "<group>";
		};
		6FE229DA21B3003D00263C62 /* views */ = {
			isa = PBXGroup;
			children = (
				6FE229DD21B301C600263C62 /* RocketLaunchListCell.swift */,
			);
			path = views;
			sourceTree = "<group>";
		};
		6FE229DF21B3028600263C62 /* DataSource */ = {
			isa = PBXGroup;
			children = (
				6FE229E021B303CC00263C62 /* DataSource.swift */,
			);
			path = DataSource;
			sourceTree = "<group>";
		};
		BB47B14ECB4991905A8A1712 /* Pods */ = {
			isa = PBXGroup;
			children = (
				049184B05EC6E12FF3BA0D3C /* Pods-RocketApp.debug.xcconfig */,
				7E87AC2DDEBB957814B38408 /* Pods-RocketApp.release.xcconfig */,
				8E401665C49C3F9A1D46003A /* Pods-RocketAppTests.debug.xcconfig */,
				4D228144DCB9E5EE6492A515 /* Pods-RocketAppTests.release.xcconfig */,
				C1B514196568F713B83C640A /* Pods-RocketAppUITests.debug.xcconfig */,
				9718504E9B664B3A36F72949 /* Pods-RocketAppUITests.release.xcconfig */,
			);
			name = Pods;
			sourceTree = "<group>";
		};
/* End PBXGroup section */

/* Begin PBXNativeTarget section */
		6F8F8DCE2198A2A60006C35F /* RocketApp */ = {
			isa = PBXNativeTarget;
			buildConfigurationList = 6F8F8DFA2198A2A70006C35F /* Build configuration list for PBXNativeTarget "RocketApp" */;
			buildPhases = (
				85DBD7C97BEEB395763F2A2B /* [CP] Check Pods Manifest.lock */,
				6F8F8DCB2198A2A60006C35F /* Sources */,
				6F8F8DCC2198A2A60006C35F /* Frameworks */,
				6F8F8DCD2198A2A60006C35F /* Resources */,
				6FA27A392198B27F0016F715 /* ShellScript */,
				634D91EE34456A998449B446 /* [CP] Embed Pods Frameworks */,
			);
			buildRules = (
			);
			dependencies = (
			);
			name = RocketApp;
			productName = RocketApp;
			productReference = 6F8F8DCF2198A2A60006C35F /* RocketApp.app */;
			productType = "com.apple.product-type.application";
		};
		6F8F8DE52198A2A70006C35F /* RocketAppTests */ = {
			isa = PBXNativeTarget;
			buildConfigurationList = 6F8F8DFD2198A2A70006C35F /* Build configuration list for PBXNativeTarget "RocketAppTests" */;
			buildPhases = (
				6E24C51CBF9F5232F11C08EA /* [CP] Check Pods Manifest.lock */,
				6F8F8DE22198A2A70006C35F /* Sources */,
				6F8F8DE32198A2A70006C35F /* Frameworks */,
				6F8F8DE42198A2A70006C35F /* Resources */,
			);
			buildRules = (
			);
			dependencies = (
				6F8F8DE82198A2A70006C35F /* PBXTargetDependency */,
			);
			name = RocketAppTests;
			productName = RocketAppTests;
			productReference = 6F8F8DE62198A2A70006C35F /* RocketAppTests.xctest */;
			productType = "com.apple.product-type.bundle.unit-test";
		};
		6F8F8DF02198A2A70006C35F /* RocketAppUITests */ = {
			isa = PBXNativeTarget;
			buildConfigurationList = 6F8F8E002198A2A70006C35F /* Build configuration list for PBXNativeTarget "RocketAppUITests" */;
			buildPhases = (
				5A15329B2044FECB9097E50F /* [CP] Check Pods Manifest.lock */,
				6F8F8DED2198A2A70006C35F /* Sources */,
				6F8F8DEE2198A2A70006C35F /* Frameworks */,
				6F8F8DEF2198A2A70006C35F /* Resources */,
			);
			buildRules = (
			);
			dependencies = (
				6F8F8DF32198A2A70006C35F /* PBXTargetDependency */,
			);
			name = RocketAppUITests;
			productName = RocketAppUITests;
			productReference = 6F8F8DF12198A2A70006C35F /* RocketAppUITests.xctest */;
			productType = "com.apple.product-type.bundle.ui-testing";
		};
/* End PBXNativeTarget section */

/* Begin PBXProject section */
		6F8F8DC72198A2A60006C35F /* Project object */ = {
			isa = PBXProject;
			attributes = {
				LastSwiftUpdateCheck = 1010;
				LastUpgradeCheck = 1010;
				ORGANIZATIONNAME = "Mariusz Sut";
				TargetAttributes = {
					6F8F8DCE2198A2A60006C35F = {
						CreatedOnToolsVersion = 10.1;
					};
					6F8F8DE52198A2A70006C35F = {
						CreatedOnToolsVersion = 10.1;
						TestTargetID = 6F8F8DCE2198A2A60006C35F;
					};
					6F8F8DF02198A2A70006C35F = {
						CreatedOnToolsVersion = 10.1;
						TestTargetID = 6F8F8DCE2198A2A60006C35F;
					};
				};
			};
			buildConfigurationList = 6F8F8DCA2198A2A60006C35F /* Build configuration list for PBXProject "RocketApp" */;
			compatibilityVersion = "Xcode 9.3";
			developmentRegion = en;
			hasScannedForEncodings = 0;
			knownRegions = (
				en,
				Base,
			);
			mainGroup = 6F8F8DC62198A2A60006C35F;
			productRefGroup = 6F8F8DD02198A2A60006C35F /* Products */;
			projectDirPath = "";
			projectRoot = "";
			targets = (
				6F8F8DCE2198A2A60006C35F /* RocketApp */,
				6F8F8DE52198A2A70006C35F /* RocketAppTests */,
				6F8F8DF02198A2A70006C35F /* RocketAppUITests */,
			);
		};
/* End PBXProject section */

/* Begin PBXResourcesBuildPhase section */
		6F8F8DCD2198A2A60006C35F /* Resources */ = {
			isa = PBXResourcesBuildPhase;
			buildActionMask = 2147483647;
			files = (
				6F8F8DE02198A2A70006C35F /* LaunchScreen.storyboard in Resources */,
				6F8F8DDD2198A2A70006C35F /* Assets.xcassets in Resources */,
				6F8F8DD82198A2A60006C35F /* Main.storyboard in Resources */,
			);
			runOnlyForDeploymentPostprocessing = 0;
		};
		6F8F8DE42198A2A70006C35F /* Resources */ = {
			isa = PBXResourcesBuildPhase;
			buildActionMask = 2147483647;
			files = (
			);
			runOnlyForDeploymentPostprocessing = 0;
		};
		6F8F8DEF2198A2A70006C35F /* Resources */ = {
			isa = PBXResourcesBuildPhase;
			buildActionMask = 2147483647;
			files = (
			);
			runOnlyForDeploymentPostprocessing = 0;
		};
/* End PBXResourcesBuildPhase section */

/* Begin PBXShellScriptBuildPhase section */
		5A15329B2044FECB9097E50F /* [CP] Check Pods Manifest.lock */ = {
			isa = PBXShellScriptBuildPhase;
			buildActionMask = 2147483647;
			files = (
			);
			inputPaths = (
				"${PODS_PODFILE_DIR_PATH}/Podfile.lock",
				"${PODS_ROOT}/Manifest.lock",
			);
			name = "[CP] Check Pods Manifest.lock";
			outputPaths = (
				"$(DERIVED_FILE_DIR)/Pods-RocketAppUITests-checkManifestLockResult.txt",
			);
			runOnlyForDeploymentPostprocessing = 0;
			shellPath = /bin/sh;
			shellScript = "diff \"${PODS_PODFILE_DIR_PATH}/Podfile.lock\" \"${PODS_ROOT}/Manifest.lock\" > /dev/null\nif [ $? != 0 ] ; then\n    # print error to STDERR\n    echo \"error: The sandbox is not in sync with the Podfile.lock. Run 'pod install' or update your CocoaPods installation.\" >&2\n    exit 1\nfi\n# This output is used by Xcode 'outputs' to avoid re-running this script phase.\necho \"SUCCESS\" > \"${SCRIPT_OUTPUT_FILE_0}\"\n";
			showEnvVarsInLog = 0;
		};
		634D91EE34456A998449B446 /* [CP] Embed Pods Frameworks */ = {
			isa = PBXShellScriptBuildPhase;
			buildActionMask = 2147483647;
			files = (
			);
			inputPaths = (
				"${SRCROOT}/Pods/Target Support Files/Pods-RocketApp/Pods-RocketApp-frameworks.sh",
				"${BUILT_PRODUCTS_DIR}/Alamofire/Alamofire.framework",
				"${BUILT_PRODUCTS_DIR}/FlagKit/FlagKit.framework",
				"${BUILT_PRODUCTS_DIR}/SDWebImage/SDWebImage.framework",
				"${BUILT_PRODUCTS_DIR}/SnapKit/SnapKit.framework",
			);
			name = "[CP] Embed Pods Frameworks";
			outputPaths = (
				"${TARGET_BUILD_DIR}/${FRAMEWORKS_FOLDER_PATH}/Alamofire.framework",
				"${TARGET_BUILD_DIR}/${FRAMEWORKS_FOLDER_PATH}/FlagKit.framework",
				"${TARGET_BUILD_DIR}/${FRAMEWORKS_FOLDER_PATH}/SDWebImage.framework",
				"${TARGET_BUILD_DIR}/${FRAMEWORKS_FOLDER_PATH}/SnapKit.framework",
			);
			runOnlyForDeploymentPostprocessing = 0;
			shellPath = /bin/sh;
			shellScript = "\"${SRCROOT}/Pods/Target Support Files/Pods-RocketApp/Pods-RocketApp-frameworks.sh\"\n";
			showEnvVarsInLog = 0;
		};
		6E24C51CBF9F5232F11C08EA /* [CP] Check Pods Manifest.lock */ = {
			isa = PBXShellScriptBuildPhase;
			buildActionMask = 2147483647;
			files = (
			);
			inputPaths = (
				"${PODS_PODFILE_DIR_PATH}/Podfile.lock",
				"${PODS_ROOT}/Manifest.lock",
			);
			name = "[CP] Check Pods Manifest.lock";
			outputPaths = (
				"$(DERIVED_FILE_DIR)/Pods-RocketAppTests-checkManifestLockResult.txt",
			);
			runOnlyForDeploymentPostprocessing = 0;
			shellPath = /bin/sh;
			shellScript = "diff \"${PODS_PODFILE_DIR_PATH}/Podfile.lock\" \"${PODS_ROOT}/Manifest.lock\" > /dev/null\nif [ $? != 0 ] ; then\n    # print error to STDERR\n    echo \"error: The sandbox is not in sync with the Podfile.lock. Run 'pod install' or update your CocoaPods installation.\" >&2\n    exit 1\nfi\n# This output is used by Xcode 'outputs' to avoid re-running this script phase.\necho \"SUCCESS\" > \"${SCRIPT_OUTPUT_FILE_0}\"\n";
			showEnvVarsInLog = 0;
		};
		6FA27A392198B27F0016F715 /* ShellScript */ = {
			isa = PBXShellScriptBuildPhase;
			buildActionMask = 2147483647;
			files = (
			);
			inputPaths = (
			);
			outputPaths = (
			);
			runOnlyForDeploymentPostprocessing = 0;
			shellPath = /bin/sh;
			shellScript = "# Type a script or drag a script file from your workspace to insert its path.\n\"${PODS_ROOT}/SwiftLint/swiftlint\"\n";
		};
		85DBD7C97BEEB395763F2A2B /* [CP] Check Pods Manifest.lock */ = {
			isa = PBXShellScriptBuildPhase;
			buildActionMask = 2147483647;
			files = (
			);
			inputPaths = (
				"${PODS_PODFILE_DIR_PATH}/Podfile.lock",
				"${PODS_ROOT}/Manifest.lock",
			);
			name = "[CP] Check Pods Manifest.lock";
			outputPaths = (
				"$(DERIVED_FILE_DIR)/Pods-RocketApp-checkManifestLockResult.txt",
			);
			runOnlyForDeploymentPostprocessing = 0;
			shellPath = /bin/sh;
			shellScript = "diff \"${PODS_PODFILE_DIR_PATH}/Podfile.lock\" \"${PODS_ROOT}/Manifest.lock\" > /dev/null\nif [ $? != 0 ] ; then\n    # print error to STDERR\n    echo \"error: The sandbox is not in sync with the Podfile.lock. Run 'pod install' or update your CocoaPods installation.\" >&2\n    exit 1\nfi\n# This output is used by Xcode 'outputs' to avoid re-running this script phase.\necho \"SUCCESS\" > \"${SCRIPT_OUTPUT_FILE_0}\"\n";
			showEnvVarsInLog = 0;
		};
/* End PBXShellScriptBuildPhase section */

/* Begin PBXSourcesBuildPhase section */
		6F8F8DCB2198A2A60006C35F /* Sources */ = {
			isa = PBXSourcesBuildPhase;
			buildActionMask = 2147483647;
			files = (
				6F8F8DDB2198A2A60006C35F /* RocketApp.xcdatamodeld in Sources */,
				6FA27A342198ABF90016F715 /* RocketLaunchListRepository.swift in Sources */,
				6F0D16B321A1C6650002630E /* BasePageResponse.swift in Sources */,
				6FE229E521B30E1900263C62 /* UITableViewCellExtensions.swift in Sources */,
				6FA27A4F2198D03F0016F715 /* IRequestExecutor.swift in Sources */,
				6FA27A362198ACF10016F715 /* RocketLaunch.swift in Sources */,
				6FA27A3B2198BA500016F715 /* RocketLaunchListLatestRequest.swift in Sources */,
				6FA27A552198D3C80016F715 /* DataExtensions.swift in Sources */,
				6FA27A5A2198D6F00016F715 /* RocketLaunchListConstract.swift in Sources */,
				6FA27A2F2198A9190016F715 /* IBaseRequest.swift in Sources */,
				6FA27A572198D5B50016F715 /* NSErrorExtensions.swift in Sources */,
				6FA27A472198CB4A0016F715 /* RequestLoggingInterceptor.swift in Sources */,
				6FA27A432198C9E30016F715 /* Gateway.swift in Sources */,
				6FA27A522198D09F0016F715 /* BaseResponse.swift in Sources */,
				6FA27A3D2198C4950016F715 /* HttpManager.swift in Sources */,
				6FE229DC21B3008000263C62 /* RocketLaunchListController.swift in Sources */,
				6F8F8DD52198A2A60006C35F /* ViewController.swift in Sources */,
				6FE229E121B303CC00263C62 /* DataSource.swift in Sources */,
				6FE229DE21B301C600263C62 /* RocketLaunchListCell.swift in Sources */,
				6FA27A452198CA270016F715 /* AuthTokenInterceptor.swift in Sources */,
				6FA27A492198CC770016F715 /* ResponseLoggingInterceptor.swift in Sources */,
				6FE229E321B306A000263C62 /* Spacing.swift in Sources */,
				6FA27A312198A96C0016F715 /* RequestExecutor.swift in Sources */,
				6FE229D821B2FF3C00263C62 /* DataDownloadViewProtocol.swift in Sources */,
				6F0D16B721A1C8DD0002630E /* RocketLaunchListLatestResponse.swift in Sources */,
				6FA27A382198AEE20016F715 /* Result.swift in Sources */,
				6FA27A3F2198C5A10016F715 /* IBaseResponse.swift in Sources */,
				6F8F8DD32198A2A60006C35F /* AppDelegate.swift in Sources */,
			);
			runOnlyForDeploymentPostprocessing = 0;
		};
		6F8F8DE22198A2A70006C35F /* Sources */ = {
			isa = PBXSourcesBuildPhase;
			buildActionMask = 2147483647;
			files = (
				6F8F8DEB2198A2A70006C35F /* RocketAppTests.swift in Sources */,
			);
			runOnlyForDeploymentPostprocessing = 0;
		};
		6F8F8DED2198A2A70006C35F /* Sources */ = {
			isa = PBXSourcesBuildPhase;
			buildActionMask = 2147483647;
			files = (
				6F8F8DF62198A2A70006C35F /* RocketAppUITests.swift in Sources */,
			);
			runOnlyForDeploymentPostprocessing = 0;
		};
/* End PBXSourcesBuildPhase section */

/* Begin PBXTargetDependency section */
		6F8F8DE82198A2A70006C35F /* PBXTargetDependency */ = {
			isa = PBXTargetDependency;
			target = 6F8F8DCE2198A2A60006C35F /* RocketApp */;
			targetProxy = 6F8F8DE72198A2A70006C35F /* PBXContainerItemProxy */;
		};
		6F8F8DF32198A2A70006C35F /* PBXTargetDependency */ = {
			isa = PBXTargetDependency;
			target = 6F8F8DCE2198A2A60006C35F /* RocketApp */;
			targetProxy = 6F8F8DF22198A2A70006C35F /* PBXContainerItemProxy */;
		};
/* End PBXTargetDependency section */

/* Begin PBXVariantGroup section */
		6F8F8DD62198A2A60006C35F /* Main.storyboard */ = {
			isa = PBXVariantGroup;
			children = (
				6F8F8DD72198A2A60006C35F /* Base */,
			);
			name = Main.storyboard;
			sourceTree = "<group>";
		};
		6F8F8DDE2198A2A70006C35F /* LaunchScreen.storyboard */ = {
			isa = PBXVariantGroup;
			children = (
				6F8F8DDF2198A2A70006C35F /* Base */,
			);
			name = LaunchScreen.storyboard;
			sourceTree = "<group>";
		};
/* End PBXVariantGroup section */

/* Begin XCBuildConfiguration section */
		6F8F8DF82198A2A70006C35F /* Debug */ = {
			isa = XCBuildConfiguration;
			buildSettings = {
				ALWAYS_SEARCH_USER_PATHS = NO;
				CLANG_ANALYZER_NONNULL = YES;
				CLANG_ANALYZER_NUMBER_OBJECT_CONVERSION = YES_AGGRESSIVE;
				CLANG_CXX_LANGUAGE_STANDARD = "gnu++14";
				CLANG_CXX_LIBRARY = "libc++";
				CLANG_ENABLE_MODULES = YES;
				CLANG_ENABLE_OBJC_ARC = YES;
				CLANG_ENABLE_OBJC_WEAK = YES;
				CLANG_WARN_BLOCK_CAPTURE_AUTORELEASING = YES;
				CLANG_WARN_BOOL_CONVERSION = YES;
				CLANG_WARN_COMMA = YES;
				CLANG_WARN_CONSTANT_CONVERSION = YES;
				CLANG_WARN_DEPRECATED_OBJC_IMPLEMENTATIONS = YES;
				CLANG_WARN_DIRECT_OBJC_ISA_USAGE = YES_ERROR;
				CLANG_WARN_DOCUMENTATION_COMMENTS = YES;
				CLANG_WARN_EMPTY_BODY = YES;
				CLANG_WARN_ENUM_CONVERSION = YES;
				CLANG_WARN_INFINITE_RECURSION = YES;
				CLANG_WARN_INT_CONVERSION = YES;
				CLANG_WARN_NON_LITERAL_NULL_CONVERSION = YES;
				CLANG_WARN_OBJC_IMPLICIT_RETAIN_SELF = YES;
				CLANG_WARN_OBJC_LITERAL_CONVERSION = YES;
				CLANG_WARN_OBJC_ROOT_CLASS = YES_ERROR;
				CLANG_WARN_RANGE_LOOP_ANALYSIS = YES;
				CLANG_WARN_STRICT_PROTOTYPES = YES;
				CLANG_WARN_SUSPICIOUS_MOVE = YES;
				CLANG_WARN_UNGUARDED_AVAILABILITY = YES_AGGRESSIVE;
				CLANG_WARN_UNREACHABLE_CODE = YES;
				CLANG_WARN__DUPLICATE_METHOD_MATCH = YES;
				CODE_SIGN_IDENTITY = "iPhone Developer";
				COPY_PHASE_STRIP = NO;
				DEBUG_INFORMATION_FORMAT = dwarf;
				ENABLE_STRICT_OBJC_MSGSEND = YES;
				ENABLE_TESTABILITY = YES;
				GCC_C_LANGUAGE_STANDARD = gnu11;
				GCC_DYNAMIC_NO_PIC = NO;
				GCC_NO_COMMON_BLOCKS = YES;
				GCC_OPTIMIZATION_LEVEL = 0;
				GCC_PREPROCESSOR_DEFINITIONS = (
					"DEBUG=1",
					"$(inherited)",
				);
				GCC_WARN_64_TO_32_BIT_CONVERSION = YES;
				GCC_WARN_ABOUT_RETURN_TYPE = YES_ERROR;
				GCC_WARN_UNDECLARED_SELECTOR = YES;
				GCC_WARN_UNINITIALIZED_AUTOS = YES_AGGRESSIVE;
				GCC_WARN_UNUSED_FUNCTION = YES;
				GCC_WARN_UNUSED_VARIABLE = YES;
				IPHONEOS_DEPLOYMENT_TARGET = 12.1;
				MTL_ENABLE_DEBUG_INFO = INCLUDE_SOURCE;
				MTL_FAST_MATH = YES;
				ONLY_ACTIVE_ARCH = YES;
				SDKROOT = iphoneos;
				SWIFT_ACTIVE_COMPILATION_CONDITIONS = DEBUG;
				SWIFT_OPTIMIZATION_LEVEL = "-Onone";
			};
			name = Debug;
		};
		6F8F8DF92198A2A70006C35F /* Release */ = {
			isa = XCBuildConfiguration;
			buildSettings = {
				ALWAYS_SEARCH_USER_PATHS = NO;
				CLANG_ANALYZER_NONNULL = YES;
				CLANG_ANALYZER_NUMBER_OBJECT_CONVERSION = YES_AGGRESSIVE;
				CLANG_CXX_LANGUAGE_STANDARD = "gnu++14";
				CLANG_CXX_LIBRARY = "libc++";
				CLANG_ENABLE_MODULES = YES;
				CLANG_ENABLE_OBJC_ARC = YES;
				CLANG_ENABLE_OBJC_WEAK = YES;
				CLANG_WARN_BLOCK_CAPTURE_AUTORELEASING = YES;
				CLANG_WARN_BOOL_CONVERSION = YES;
				CLANG_WARN_COMMA = YES;
				CLANG_WARN_CONSTANT_CONVERSION = YES;
				CLANG_WARN_DEPRECATED_OBJC_IMPLEMENTATIONS = YES;
				CLANG_WARN_DIRECT_OBJC_ISA_USAGE = YES_ERROR;
				CLANG_WARN_DOCUMENTATION_COMMENTS = YES;
				CLANG_WARN_EMPTY_BODY = YES;
				CLANG_WARN_ENUM_CONVERSION = YES;
				CLANG_WARN_INFINITE_RECURSION = YES;
				CLANG_WARN_INT_CONVERSION = YES;
				CLANG_WARN_NON_LITERAL_NULL_CONVERSION = YES;
				CLANG_WARN_OBJC_IMPLICIT_RETAIN_SELF = YES;
				CLANG_WARN_OBJC_LITERAL_CONVERSION = YES;
				CLANG_WARN_OBJC_ROOT_CLASS = YES_ERROR;
				CLANG_WARN_RANGE_LOOP_ANALYSIS = YES;
				CLANG_WARN_STRICT_PROTOTYPES = YES;
				CLANG_WARN_SUSPICIOUS_MOVE = YES;
				CLANG_WARN_UNGUARDED_AVAILABILITY = YES_AGGRESSIVE;
				CLANG_WARN_UNREACHABLE_CODE = YES;
				CLANG_WARN__DUPLICATE_METHOD_MATCH = YES;
				CODE_SIGN_IDENTITY = "iPhone Developer";
				COPY_PHASE_STRIP = NO;
				DEBUG_INFORMATION_FORMAT = "dwarf-with-dsym";
				ENABLE_NS_ASSERTIONS = NO;
				ENABLE_STRICT_OBJC_MSGSEND = YES;
				GCC_C_LANGUAGE_STANDARD = gnu11;
				GCC_NO_COMMON_BLOCKS = YES;
				GCC_WARN_64_TO_32_BIT_CONVERSION = YES;
				GCC_WARN_ABOUT_RETURN_TYPE = YES_ERROR;
				GCC_WARN_UNDECLARED_SELECTOR = YES;
				GCC_WARN_UNINITIALIZED_AUTOS = YES_AGGRESSIVE;
				GCC_WARN_UNUSED_FUNCTION = YES;
				GCC_WARN_UNUSED_VARIABLE = YES;
				IPHONEOS_DEPLOYMENT_TARGET = 12.1;
				MTL_ENABLE_DEBUG_INFO = NO;
				MTL_FAST_MATH = YES;
				SDKROOT = iphoneos;
				SWIFT_COMPILATION_MODE = wholemodule;
				SWIFT_OPTIMIZATION_LEVEL = "-O";
				VALIDATE_PRODUCT = YES;
			};
			name = Release;
		};
		6F8F8DFB2198A2A70006C35F /* Debug */ = {
			isa = XCBuildConfiguration;
			baseConfigurationReference = 049184B05EC6E12FF3BA0D3C /* Pods-RocketApp.debug.xcconfig */;
			buildSettings = {
				ASSETCATALOG_COMPILER_APPICON_NAME = AppIcon;
				CODE_SIGN_STYLE = Automatic;
				DEVELOPMENT_TEAM = F8MY77QSLQ;
				INFOPLIST_FILE = RocketApp/Info.plist;
				LD_RUNPATH_SEARCH_PATHS = (
					"$(inherited)",
					"@executable_path/Frameworks",
				);
				PRODUCT_BUNDLE_IDENTIFIER = com.msut.RocketApp;
				PRODUCT_NAME = "$(TARGET_NAME)";
				SWIFT_VERSION = 4.2;
				TARGETED_DEVICE_FAMILY = "1,2";
			};
			name = Debug;
		};
		6F8F8DFC2198A2A70006C35F /* Release */ = {
			isa = XCBuildConfiguration;
			baseConfigurationReference = 7E87AC2DDEBB957814B38408 /* Pods-RocketApp.release.xcconfig */;
			buildSettings = {
				ASSETCATALOG_COMPILER_APPICON_NAME = AppIcon;
				CODE_SIGN_STYLE = Automatic;
				DEVELOPMENT_TEAM = F8MY77QSLQ;
				INFOPLIST_FILE = RocketApp/Info.plist;
				LD_RUNPATH_SEARCH_PATHS = (
					"$(inherited)",
					"@executable_path/Frameworks",
				);
				PRODUCT_BUNDLE_IDENTIFIER = com.msut.RocketApp;
				PRODUCT_NAME = "$(TARGET_NAME)";
				SWIFT_VERSION = 4.2;
				TARGETED_DEVICE_FAMILY = "1,2";
			};
			name = Release;
		};
		6F8F8DFE2198A2A70006C35F /* Debug */ = {
			isa = XCBuildConfiguration;
			baseConfigurationReference = 8E401665C49C3F9A1D46003A /* Pods-RocketAppTests.debug.xcconfig */;
			buildSettings = {
				ALWAYS_EMBED_SWIFT_STANDARD_LIBRARIES = YES;
				BUNDLE_LOADER = "$(TEST_HOST)";
				CODE_SIGN_STYLE = Automatic;
				DEVELOPMENT_TEAM = F8MY77QSLQ;
				INFOPLIST_FILE = RocketAppTests/Info.plist;
				LD_RUNPATH_SEARCH_PATHS = (
					"$(inherited)",
					"@executable_path/Frameworks",
					"@loader_path/Frameworks",
				);
				PRODUCT_BUNDLE_IDENTIFIER = com.msut.RocketAppTests;
				PRODUCT_NAME = "$(TARGET_NAME)";
				SWIFT_VERSION = 4.2;
				TARGETED_DEVICE_FAMILY = "1,2";
				TEST_HOST = "$(BUILT_PRODUCTS_DIR)/RocketApp.app/RocketApp";
			};
			name = Debug;
		};
		6F8F8DFF2198A2A70006C35F /* Release */ = {
			isa = XCBuildConfiguration;
			baseConfigurationReference = 4D228144DCB9E5EE6492A515 /* Pods-RocketAppTests.release.xcconfig */;
			buildSettings = {
				ALWAYS_EMBED_SWIFT_STANDARD_LIBRARIES = YES;
				BUNDLE_LOADER = "$(TEST_HOST)";
				CODE_SIGN_STYLE = Automatic;
				DEVELOPMENT_TEAM = F8MY77QSLQ;
				INFOPLIST_FILE = RocketAppTests/Info.plist;
				LD_RUNPATH_SEARCH_PATHS = (
					"$(inherited)",
					"@executable_path/Frameworks",
					"@loader_path/Frameworks",
				);
				PRODUCT_BUNDLE_IDENTIFIER = com.msut.RocketAppTests;
				PRODUCT_NAME = "$(TARGET_NAME)";
				SWIFT_VERSION = 4.2;
				TARGETED_DEVICE_FAMILY = "1,2";
				TEST_HOST = "$(BUILT_PRODUCTS_DIR)/RocketApp.app/RocketApp";
			};
			name = Release;
		};
		6F8F8E012198A2A70006C35F /* Debug */ = {
			isa = XCBuildConfiguration;
			baseConfigurationReference = C1B514196568F713B83C640A /* Pods-RocketAppUITests.debug.xcconfig */;
			buildSettings = {
				ALWAYS_EMBED_SWIFT_STANDARD_LIBRARIES = YES;
				CODE_SIGN_STYLE = Automatic;
				DEVELOPMENT_TEAM = F8MY77QSLQ;
				INFOPLIST_FILE = RocketAppUITests/Info.plist;
				LD_RUNPATH_SEARCH_PATHS = (
					"$(inherited)",
					"@executable_path/Frameworks",
					"@loader_path/Frameworks",
				);
				PRODUCT_BUNDLE_IDENTIFIER = com.msut.RocketAppUITests;
				PRODUCT_NAME = "$(TARGET_NAME)";
				SWIFT_VERSION = 4.2;
				TARGETED_DEVICE_FAMILY = "1,2";
				TEST_TARGET_NAME = RocketApp;
			};
			name = Debug;
		};
		6F8F8E022198A2A70006C35F /* Release */ = {
			isa = XCBuildConfiguration;
			baseConfigurationReference = 9718504E9B664B3A36F72949 /* Pods-RocketAppUITests.release.xcconfig */;
			buildSettings = {
				ALWAYS_EMBED_SWIFT_STANDARD_LIBRARIES = YES;
				CODE_SIGN_STYLE = Automatic;
				DEVELOPMENT_TEAM = F8MY77QSLQ;
				INFOPLIST_FILE = RocketAppUITests/Info.plist;
				LD_RUNPATH_SEARCH_PATHS = (
					"$(inherited)",
					"@executable_path/Frameworks",
					"@loader_path/Frameworks",
				);
				PRODUCT_BUNDLE_IDENTIFIER = com.msut.RocketAppUITests;
				PRODUCT_NAME = "$(TARGET_NAME)";
				SWIFT_VERSION = 4.2;
				TARGETED_DEVICE_FAMILY = "1,2";
				TEST_TARGET_NAME = RocketApp;
			};
			name = Release;
		};
/* End XCBuildConfiguration section */

/* Begin XCConfigurationList section */
		6F8F8DCA2198A2A60006C35F /* Build configuration list for PBXProject "RocketApp" */ = {
			isa = XCConfigurationList;
			buildConfigurations = (
				6F8F8DF82198A2A70006C35F /* Debug */,
				6F8F8DF92198A2A70006C35F /* Release */,
			);
			defaultConfigurationIsVisible = 0;
			defaultConfigurationName = Release;
		};
		6F8F8DFA2198A2A70006C35F /* Build configuration list for PBXNativeTarget "RocketApp" */ = {
			isa = XCConfigurationList;
			buildConfigurations = (
				6F8F8DFB2198A2A70006C35F /* Debug */,
				6F8F8DFC2198A2A70006C35F /* Release */,
			);
			defaultConfigurationIsVisible = 0;
			defaultConfigurationName = Release;
		};
		6F8F8DFD2198A2A70006C35F /* Build configuration list for PBXNativeTarget "RocketAppTests" */ = {
			isa = XCConfigurationList;
			buildConfigurations = (
				6F8F8DFE2198A2A70006C35F /* Debug */,
				6F8F8DFF2198A2A70006C35F /* Release */,
			);
			defaultConfigurationIsVisible = 0;
			defaultConfigurationName = Release;
		};
		6F8F8E002198A2A70006C35F /* Build configuration list for PBXNativeTarget "RocketAppUITests" */ = {
			isa = XCConfigurationList;
			buildConfigurations = (
				6F8F8E012198A2A70006C35F /* Debug */,
				6F8F8E022198A2A70006C35F /* Release */,
			);
			defaultConfigurationIsVisible = 0;
			defaultConfigurationName = Release;
		};
/* End XCConfigurationList section */

/* Begin XCVersionGroup section */
		6F8F8DD92198A2A60006C35F /* RocketApp.xcdatamodeld */ = {
			isa = XCVersionGroup;
			children = (
				6F8F8DDA2198A2A60006C35F /* RocketApp.xcdatamodel */,
			);
			currentVersion = 6F8F8DDA2198A2A60006C35F /* RocketApp.xcdatamodel */;
			path = RocketApp.xcdatamodeld;
			sourceTree = "<group>";
			versionGroupType = wrapper.xcdatamodel;
		};
/* End XCVersionGroup section */
	};
	rootObject = 6F8F8DC72198A2A60006C35F /* Project object */;
}
